
Microsoft Visual Studio Solution File, Format Version 12.00
# Visual Studio Version 16
VisualStudioVersion = 16.0.32228.343
MinimumVisualStudioVersion = 10.0.40219.1
Project("{FAE04EC0-301F-11D3-BF4B-00C04F79EFBC}") = "TheGarageCenter", "TheGarageCenter\TheGarageCenter.csproj", "{6382E2AD-C5F3-4683-9852-9B93596EC1C6}"
EndProject
Global
	GlobalSection(SolutionConfigurationPlatforms) = preSolution
		Debug|Any CPU = Debug|Any CPU
		Release|Any CPU = Release|Any CPU
	EndGlobalSection
	GlobalSection(ProjectConfigurationPlatforms) = postSolution
		{6382E2AD-C5F3-4683-9852-9B93596EC1C6}.Debug|Any CPU.ActiveCfg = Debug|Any CPU
		{6382E2AD-C5F3-4683-9852-9B93596EC1C6}.Debug|Any CPU.Build.0 = Debug|Any CPU
		{6382E2AD-C5F3-4683-9852-9B93596EC1C6}.Release|Any CPU.ActiveCfg = Release|Any CPU
		{6382E2AD-C5F3-4683-9852-9B93596EC1C6}.Release|Any CPU.Build.0 = Release|Any CPU
	EndGlobalSection
	GlobalSection(SolutionProperties) = preSolution
		HideSolutionNode = FALSE
	EndGlobalSection
	GlobalSection(ExtensibilityGlobals) = postSolution
		SolutionGuid = {00A0459F-8ECB-4E79-974F-E6921E1D4A5C}
	EndGlobalSection
EndGlobal
